
Microsoft Visual Studio Solution File, Format Version 11.00
# Visual Studio 2010
Project("{FAE04EC0-301F-11D3-BF4B-00C04F79EFBC}") = "Spencer.DatabaseService", "Spencer.DatabaseService\Spencer.DatabaseService.csproj", "{E59983B4-0D89-435E-B8F2-F6722FDC535D}"
EndProject
Project("{FAE04EC0-301F-11D3-BF4B-00C04F79EFBC}") = "Spencer.DBLL", "Spencer.DBLL\Spencer.DBLL.csproj", "{93D06AA6-1049-45AD-9BE3-4F30B4E6219B}"
EndProject
Project("{FAE04EC0-301F-11D3-BF4B-00C04F79EFBC}") = "Spencer.BussinessService", "Spencer.BussinessService\Spencer.BussinessService.csproj", "{4B80479B-EA80-4E80-8DC4-4F77081AD94D}"
EndProject
Project("{FAE04EC0-301F-11D3-BF4B-00C04F79EFBC}") = "Spencer.BLL", "Spencer.BLL\Spencer.BLL.csproj", "{C7B87EE5-EFF9-498B-9880-1DB12D556DBB}"
EndProject
Project("{FAE04EC0-301F-11D3-BF4B-00C04F79EFBC}") = "Spencer.Utility", "Spencer.Utility\Spencer.Utility.csproj", "{7E1CD67B-0692-435F-B152-228FDA3266B9}"
EndProject
Project("{FAE04EC0-301F-11D3-BF4B-00C04F79EFBC}") = "Spencer.DAO", "Spencer.DAO\Spencer.DAO.csproj", "{F42DA6E3-D95F-4652-A1AE-FC8D6D459212}"
EndProject
Project("{E24C65DC-7377-472B-9ABA-BC803B73C61A}") = "SpencersHome", "SpencersHome\", "{2B00579F-D841-4BA4-A56F-A5CCAE6AD7D3}"
	ProjectSection(WebsiteProperties) = preProject
		TargetFrameworkMoniker = ".NETFramework,Version%3Dv4.0"
		ProjectReferences = "{F42DA6E3-D95F-4652-A1AE-FC8D6D459212}|Spencer.DAO.dll;"
		Debug.AspNetCompiler.VirtualPath = "/SpencersHome"
		Debug.AspNetCompiler.PhysicalPath = "SpencersHome\"
		Debug.AspNetCompiler.TargetPath = "PrecompiledWeb\SpencersHome\"
		Debug.AspNetCompiler.Updateable = "true"
		Debug.AspNetCompiler.ForceOverwrite = "true"
		Debug.AspNetCompiler.FixedNames = "false"
		Debug.AspNetCompiler.Debug = "True"
		Release.AspNetCompiler.VirtualPath = "/SpencersHome"
		Release.AspNetCompiler.PhysicalPath = "SpencersHome\"
		Release.AspNetCompiler.TargetPath = "PrecompiledWeb\SpencersHome\"
		Release.AspNetCompiler.Updateable = "true"
		Release.AspNetCompiler.ForceOverwrite = "true"
		Release.AspNetCompiler.FixedNames = "false"
		Release.AspNetCompiler.Debug = "False"
		VWDPort = "52784"
	EndProjectSection
EndProject
Global
	GlobalSection(SolutionConfigurationPlatforms) = preSolution
		Debug|Any CPU = Debug|Any CPU
		Release|Any CPU = Release|Any CPU
	EndGlobalSection
	GlobalSection(ProjectConfigurationPlatforms) = postSolution
		{E59983B4-0D89-435E-B8F2-F6722FDC535D}.Debug|Any CPU.ActiveCfg = Debug|Any CPU
		{E59983B4-0D89-435E-B8F2-F6722FDC535D}.Debug|Any CPU.Build.0 = Debug|Any CPU
		{E59983B4-0D89-435E-B8F2-F6722FDC535D}.Release|Any CPU.ActiveCfg = Release|Any CPU
		{E59983B4-0D89-435E-B8F2-F6722FDC535D}.Release|Any CPU.Build.0 = Release|Any CPU
		{93D06AA6-1049-45AD-9BE3-4F30B4E6219B}.Debug|Any CPU.ActiveCfg = Debug|Any CPU
		{93D06AA6-1049-45AD-9BE3-4F30B4E6219B}.Debug|Any CPU.Build.0 = Debug|Any CPU
		{93D06AA6-1049-45AD-9BE3-4F30B4E6219B}.Release|Any CPU.ActiveCfg = Release|Any CPU
		{93D06AA6-1049-45AD-9BE3-4F30B4E6219B}.Release|Any CPU.Build.0 = Release|Any CPU
		{4B80479B-EA80-4E80-8DC4-4F77081AD94D}.Debug|Any CPU.ActiveCfg = Debug|Any CPU
		{4B80479B-EA80-4E80-8DC4-4F77081AD94D}.Debug|Any CPU.Build.0 = Debug|Any CPU
		{4B80479B-EA80-4E80-8DC4-4F77081AD94D}.Release|Any CPU.ActiveCfg = Release|Any CPU
		{4B80479B-EA80-4E80-8DC4-4F77081AD94D}.Release|Any CPU.Build.0 = Release|Any CPU
		{C7B87EE5-EFF9-498B-9880-1DB12D556DBB}.Debug|Any CPU.ActiveCfg = Debug|Any CPU
		{C7B87EE5-EFF9-498B-9880-1DB12D556DBB}.Debug|Any CPU.Build.0 = Debug|Any CPU
		{C7B87EE5-EFF9-498B-9880-1DB12D556DBB}.Release|Any CPU.ActiveCfg = Release|Any CPU
		{C7B87EE5-EFF9-498B-9880-1DB12D556DBB}.Release|Any CPU.Build.0 = Release|Any CPU
		{7E1CD67B-0692-435F-B152-228FDA3266B9}.Debug|Any CPU.ActiveCfg = Debug|Any CPU
		{7E1CD67B-0692-435F-B152-228FDA3266B9}.Debug|Any CPU.Build.0 = Debug|Any CPU
		{7E1CD67B-0692-435F-B152-228FDA3266B9}.Release|Any CPU.ActiveCfg = Release|Any CPU
		{7E1CD67B-0692-435F-B152-228FDA3266B9}.Release|Any CPU.Build.0 = Release|Any CPU
		{F42DA6E3-D95F-4652-A1AE-FC8D6D459212}.Debug|Any CPU.ActiveCfg = Debug|Any CPU
		{F42DA6E3-D95F-4652-A1AE-FC8D6D459212}.Debug|Any CPU.Build.0 = Debug|Any CPU
		{F42DA6E3-D95F-4652-A1AE-FC8D6D459212}.Release|Any CPU.ActiveCfg = Release|Any CPU
		{F42DA6E3-D95F-4652-A1AE-FC8D6D459212}.Release|Any CPU.Build.0 = Release|Any CPU
		{2B00579F-D841-4BA4-A56F-A5CCAE6AD7D3}.Debug|Any CPU.ActiveCfg = Debug|Any CPU
		{2B00579F-D841-4BA4-A56F-A5CCAE6AD7D3}.Debug|Any CPU.Build.0 = Debug|Any CPU
		{2B00579F-D841-4BA4-A56F-A5CCAE6AD7D3}.Release|Any CPU.ActiveCfg = Debug|Any CPU
		{2B00579F-D841-4BA4-A56F-A5CCAE6AD7D3}.Release|Any CPU.Build.0 = Debug|Any CPU
	EndGlobalSection
	GlobalSection(SolutionProperties) = preSolution
		HideSolutionNode = FALSE
	EndGlobalSection
	GlobalSection(ExtensibilityGlobals) = postSolution
		EnterpriseLibraryConfigurationToolBinariesPath = packages\Unity.2.1.505.0\lib\NET35;packages\Unity.Interception.2.1.505.0\lib\NET35;packages\EnterpriseLibrary.Common.5.0.505.0\lib\NET35;packages\EnterpriseLibrary.Logging.5.0.505.1\lib\NET35;packages\EnterpriseLibrary.Data.5.0.505.0\lib\NET35
	EndGlobalSection
EndGlobal
